
Microsoft Visual Studio Solution File, Format Version 12.00
# Visual Studio Version 17
VisualStudioVersion = 17.6.33723.286
MinimumVisualStudioVersion = 10.0.40219.1
Project("{FAE04EC0-301F-11D3-BF4B-00C04F79EFBC}") = "SmartScreenMessagePopupDialog", "SmartScreenMessagePopupDialog\SmartScreenMessagePopupDialog.csproj", "{0D614ECB-0334-4323-844F-DEF03F0D3124}"
EndProject
Project("{FAE04EC0-301F-11D3-BF4B-00C04F79EFBC}") = "ConsoleApp1", "ConsoleApp1\ConsoleApp1.csproj", "{27EA361B-2275-4A1B-A33B-BED11C3714F5}"
EndProject
Global
	GlobalSection(SolutionConfigurationPlatforms) = preSolution
		Debug|Any CPU = Debug|Any CPU
		Release|Any CPU = Release|Any CPU
	EndGlobalSection
	GlobalSection(ProjectConfigurationPlatforms) = postSolution
		{0D614ECB-0334-4323-844F-DEF03F0D3124}.Debug|Any CPU.ActiveCfg = Debug|Any CPU
		{0D614ECB-0334-4323-844F-DEF03F0D3124}.Debug|Any CPU.Build.0 = Debug|Any CPU
		{0D614ECB-0334-4323-844F-DEF03F0D3124}.Release|Any CPU.ActiveCfg = Release|Any CPU
		{0D614ECB-0334-4323-844F-DEF03F0D3124}.Release|Any CPU.Build.0 = Release|Any CPU
		{27EA361B-2275-4A1B-A33B-BED11C3714F5}.Debug|Any CPU.ActiveCfg = Debug|Any CPU
		{27EA361B-2275-4A1B-A33B-BED11C3714F5}.Debug|Any CPU.Build.0 = Debug|Any CPU
		{27EA361B-2275-4A1B-A33B-BED11C3714F5}.Release|Any CPU.ActiveCfg = Release|Any CPU
		{27EA361B-2275-4A1B-A33B-BED11C3714F5}.Release|Any CPU.Build.0 = Release|Any CPU
	EndGlobalSection
	GlobalSection(SolutionProperties) = preSolution
		HideSolutionNode = FALSE
	EndGlobalSection
	GlobalSection(ExtensibilityGlobals) = postSolution
		SolutionGuid = {D4A06DA9-3B88-4B87-8AB3-2B5006462E58}
	EndGlobalSection
EndGlobal
